
Microsoft Visual Studio Solution File, Format Version 12.00
# Visual Studio Version 16
VisualStudioVersion = 16.0.30104.148
MinimumVisualStudioVersion = 10.0.40219.1
Project("{FAE04EC0-301F-11D3-BF4B-00C04F79EFBC}") = "RaschetZarplaty", "RaschetZarplaty\RaschetZarplaty.csproj", "{BC1BE53F-3510-4AD0-A289-AF977E2B27AB}"
EndProject
Global
	GlobalSection(SolutionConfigurationPlatforms) = preSolution
		Debug|Any CPU = Debug|Any CPU
		Release|Any CPU = Release|Any CPU
	EndGlobalSection
	GlobalSection(ProjectConfigurationPlatforms) = postSolution
		{BC1BE53F-3510-4AD0-A289-AF977E2B27AB}.Debug|Any CPU.ActiveCfg = Debug|Any CPU
		{BC1BE53F-3510-4AD0-A289-AF977E2B27AB}.Debug|Any CPU.Build.0 = Debug|Any CPU
		{BC1BE53F-3510-4AD0-A289-AF977E2B27AB}.Release|Any CPU.ActiveCfg = Release|Any CPU
		{BC1BE53F-3510-4AD0-A289-AF977E2B27AB}.Release|Any CPU.Build.0 = Release|Any CPU
	EndGlobalSection
	GlobalSection(SolutionProperties) = preSolution
		HideSolutionNode = FALSE
	EndGlobalSection
	GlobalSection(ExtensibilityGlobals) = postSolution
		SolutionGuid = {373B925E-8DB9-4518-8CFF-CF0C32B34315}
	EndGlobalSection
EndGlobal
